
Microsoft Visual Studio Solution File, Format Version 12.00
# Visual Studio 15
VisualStudioVersion = 15.0.27703.2042
MinimumVisualStudioVersion = 10.0.40219.1
Project("{FAE04EC0-301F-11D3-BF4B-00C04F79EFBC}") = "BankSystemFirstVar", "Theory_Delegate\BankSystemFirstVar.csproj", "{AC09ADAB-C269-497E-9F38-45528815FEB2}"
EndProject
Project("{FAE04EC0-301F-11D3-BF4B-00C04F79EFBC}") = "StarWars.ConsoleAPP", "StarWars\StarWars.ConsoleAPP.csproj", "{80903A4D-A3D8-4601-8110-42DB6003B269}"
EndProject
Project("{FAE04EC0-301F-11D3-BF4B-00C04F79EFBC}") = "StarWars.Services.Abstract", "StarWars.Services.Abstract\StarWars.Services.Abstract.csproj", "{C30BB649-3977-45DD-BB91-B98AE42FAB0E}"
EndProject
Project("{FAE04EC0-301F-11D3-BF4B-00C04F79EFBC}") = "StarWars.Models", "StarWars.Models\StarWars.Models.csproj", "{AED24AB3-D150-4B09-80E0-68E6239D8ED3}"
EndProject
Project("{FAE04EC0-301F-11D3-BF4B-00C04F79EFBC}") = "StarWars.Services", "StarWars.Services\StarWars.Services.csproj", "{2155705E-E1DC-4FCB-B13D-42591D017602}"
EndProject
Global
	GlobalSection(SolutionConfigurationPlatforms) = preSolution
		Debug|Any CPU = Debug|Any CPU
		Release|Any CPU = Release|Any CPU
	EndGlobalSection
	GlobalSection(ProjectConfigurationPlatforms) = postSolution
		{AC09ADAB-C269-497E-9F38-45528815FEB2}.Debug|Any CPU.ActiveCfg = Debug|Any CPU
		{AC09ADAB-C269-497E-9F38-45528815FEB2}.Debug|Any CPU.Build.0 = Debug|Any CPU
		{AC09ADAB-C269-497E-9F38-45528815FEB2}.Release|Any CPU.ActiveCfg = Release|Any CPU
		{AC09ADAB-C269-497E-9F38-45528815FEB2}.Release|Any CPU.Build.0 = Release|Any CPU
		{80903A4D-A3D8-4601-8110-42DB6003B269}.Debug|Any CPU.ActiveCfg = Debug|Any CPU
		{80903A4D-A3D8-4601-8110-42DB6003B269}.Debug|Any CPU.Build.0 = Debug|Any CPU
		{80903A4D-A3D8-4601-8110-42DB6003B269}.Release|Any CPU.ActiveCfg = Release|Any CPU
		{80903A4D-A3D8-4601-8110-42DB6003B269}.Release|Any CPU.Build.0 = Release|Any CPU
		{C30BB649-3977-45DD-BB91-B98AE42FAB0E}.Debug|Any CPU.ActiveCfg = Debug|Any CPU
		{C30BB649-3977-45DD-BB91-B98AE42FAB0E}.Debug|Any CPU.Build.0 = Debug|Any CPU
		{C30BB649-3977-45DD-BB91-B98AE42FAB0E}.Release|Any CPU.ActiveCfg = Release|Any CPU
		{C30BB649-3977-45DD-BB91-B98AE42FAB0E}.Release|Any CPU.Build.0 = Release|Any CPU
		{AED24AB3-D150-4B09-80E0-68E6239D8ED3}.Debug|Any CPU.ActiveCfg = Debug|Any CPU
		{AED24AB3-D150-4B09-80E0-68E6239D8ED3}.Debug|Any CPU.Build.0 = Debug|Any CPU
		{AED24AB3-D150-4B09-80E0-68E6239D8ED3}.Release|Any CPU.ActiveCfg = Release|Any CPU
		{AED24AB3-D150-4B09-80E0-68E6239D8ED3}.Release|Any CPU.Build.0 = Release|Any CPU
		{2155705E-E1DC-4FCB-B13D-42591D017602}.Debug|Any CPU.ActiveCfg = Debug|Any CPU
		{2155705E-E1DC-4FCB-B13D-42591D017602}.Debug|Any CPU.Build.0 = Debug|Any CPU
		{2155705E-E1DC-4FCB-B13D-42591D017602}.Release|Any CPU.ActiveCfg = Release|Any CPU
		{2155705E-E1DC-4FCB-B13D-42591D017602}.Release|Any CPU.Build.0 = Release|Any CPU
	EndGlobalSection
	GlobalSection(SolutionProperties) = preSolution
		HideSolutionNode = FALSE
	EndGlobalSection
	GlobalSection(ExtensibilityGlobals) = postSolution
		SolutionGuid = {5D718728-9FDE-45AB-AB1E-5574E8C51CD3}
	EndGlobalSection
EndGlobal
